
Microsoft Visual Studio Solution File, Format Version 12.00
# Visual Studio Version 17
VisualStudioVersion = 17.10.34916.146
MinimumVisualStudioVersion = 10.0.40219.1
Project("{FAE04EC0-301F-11D3-BF4B-00C04F79EFBC}") = "TodoListApi", "TodoListApi.csproj", "{1A616977-2CDC-4C5B-B100-7E704867E9B8}"
EndProject
Global
	GlobalSection(SolutionConfigurationPlatforms) = preSolution
		Debug|Any CPU = Debug|Any CPU
		Release|Any CPU = Release|Any CPU
	EndGlobalSection
	GlobalSection(ProjectConfigurationPlatforms) = postSolution
		{1A616977-2CDC-4C5B-B100-7E704867E9B8}.Debug|Any CPU.ActiveCfg = Debug|Any CPU
		{1A616977-2CDC-4C5B-B100-7E704867E9B8}.Debug|Any CPU.Build.0 = Debug|Any CPU
		{1A616977-2CDC-4C5B-B100-7E704867E9B8}.Release|Any CPU.ActiveCfg = Release|Any CPU
		{1A616977-2CDC-4C5B-B100-7E704867E9B8}.Release|Any CPU.Build.0 = Release|Any CPU
	EndGlobalSection
	GlobalSection(SolutionProperties) = preSolution
		HideSolutionNode = FALSE
	EndGlobalSection
	GlobalSection(ExtensibilityGlobals) = postSolution
		SolutionGuid = {C7701181-684B-4888-A2AE-ED3523624FAB}
	EndGlobalSection
EndGlobal
